
Microsoft Visual Studio Solution File, Format Version 12.00
# Visual Studio Version 17
VisualStudioVersion = 17.14.36603.0 d17.14
MinimumVisualStudioVersion = 10.0.40219.1
Project("{FAE04EC0-301F-11D3-BF4B-00C04F79EFBC}") = "SignalRCosmos", "SignalRCosmos.csproj", "{73D7DF80-C831-4156-AE91-ECFB6953743F}"
EndProject
Global
	GlobalSection(SolutionConfigurationPlatforms) = preSolution
		Debug|Any CPU = Debug|Any CPU
		Release|Any CPU = Release|Any CPU
	EndGlobalSection
	GlobalSection(ProjectConfigurationPlatforms) = postSolution
		{73D7DF80-C831-4156-AE91-ECFB6953743F}.Debug|Any CPU.ActiveCfg = Debug|Any CPU
		{73D7DF80-C831-4156-AE91-ECFB6953743F}.Debug|Any CPU.Build.0 = Debug|Any CPU
		{73D7DF80-C831-4156-AE91-ECFB6953743F}.Release|Any CPU.ActiveCfg = Release|Any CPU
		{73D7DF80-C831-4156-AE91-ECFB6953743F}.Release|Any CPU.Build.0 = Release|Any CPU
	EndGlobalSection
	GlobalSection(SolutionProperties) = preSolution
		HideSolutionNode = FALSE
	EndGlobalSection
	GlobalSection(ExtensibilityGlobals) = postSolution
		SolutionGuid = {0988E44F-B885-45E1-B0AB-DD08185EA179}
	EndGlobalSection
EndGlobal
